
Microsoft Visual Studio Solution File, Format Version 12.00
# Visual Studio Version 17
VisualStudioVersion = 17.8.34316.72
MinimumVisualStudioVersion = 10.0.40219.1
Project("{F2A71F9B-5D33-465A-A702-920D77279786}") = "SeriesOfDegrees", "SeriesOfDegrees\SeriesOfDegrees.fsproj", "{FF0BB00C-326B-43F0-89E4-113B6C8CE113}"
EndProject
Global
	GlobalSection(SolutionConfigurationPlatforms) = preSolution
		Debug|Any CPU = Debug|Any CPU
		Release|Any CPU = Release|Any CPU
	EndGlobalSection
	GlobalSection(ProjectConfigurationPlatforms) = postSolution
		{FF0BB00C-326B-43F0-89E4-113B6C8CE113}.Debug|Any CPU.ActiveCfg = Debug|Any CPU
		{FF0BB00C-326B-43F0-89E4-113B6C8CE113}.Debug|Any CPU.Build.0 = Debug|Any CPU
		{FF0BB00C-326B-43F0-89E4-113B6C8CE113}.Release|Any CPU.ActiveCfg = Release|Any CPU
		{FF0BB00C-326B-43F0-89E4-113B6C8CE113}.Release|Any CPU.Build.0 = Release|Any CPU
	EndGlobalSection
	GlobalSection(SolutionProperties) = preSolution
		HideSolutionNode = FALSE
	EndGlobalSection
	GlobalSection(ExtensibilityGlobals) = postSolution
		SolutionGuid = {674FE918-695E-45E7-8B10-9BE9AE60019C}
	EndGlobalSection
EndGlobal
