
Microsoft Visual Studio Solution File, Format Version 12.00
# Visual Studio Version 17
VisualStudioVersion = 17.8.34316.72
MinimumVisualStudioVersion = 10.0.40219.1
Project("{F2A71F9B-5D33-465A-A702-920D77279786}") = "FibonacciNumbers", "FibonacciNumbers\FibonacciNumbers.fsproj", "{9937817F-0DFA-4E04-9E8E-142561423A78}"
EndProject
Global
	GlobalSection(SolutionConfigurationPlatforms) = preSolution
		Debug|Any CPU = Debug|Any CPU
		Release|Any CPU = Release|Any CPU
	EndGlobalSection
	GlobalSection(ProjectConfigurationPlatforms) = postSolution
		{9937817F-0DFA-4E04-9E8E-142561423A78}.Debug|Any CPU.ActiveCfg = Debug|Any CPU
		{9937817F-0DFA-4E04-9E8E-142561423A78}.Debug|Any CPU.Build.0 = Debug|Any CPU
		{9937817F-0DFA-4E04-9E8E-142561423A78}.Release|Any CPU.ActiveCfg = Release|Any CPU
		{9937817F-0DFA-4E04-9E8E-142561423A78}.Release|Any CPU.Build.0 = Release|Any CPU
	EndGlobalSection
	GlobalSection(SolutionProperties) = preSolution
		HideSolutionNode = FALSE
	EndGlobalSection
	GlobalSection(ExtensibilityGlobals) = postSolution
		SolutionGuid = {ECF6A702-CE40-48BB-86A9-B5BAE6EF9BDA}
	EndGlobalSection
EndGlobal
